{
  "name": "face4663.xyz",
  "lockfileVersion": 3,
  "requires": true,
  "packages": {
    "": {
      "dependencies": {
        "js-sha3": "^0.12.0"
      }
    },
    "node_modules/js-sha3": {
      "version": "0.12.0",
      "resolved": "https://registry.npmjs.org/js-sha3/-/js-sha3-0.12.0.tgz",
      "integrity": "sha512-DGaUQKtsHeqChRD6ndGcESOBXUBQs5/ji4xyyoAgdqBsAu5yHsVTrzuF7MZ0VQTAa/IQFXOq0WmV2I1HNuzPtA==",
      "license": "MIT"
    }
  }
}
